
Microsoft Visual Studio Solution File, Format Version 12.00
# Visual Studio Version 17
VisualStudioVersion = 17.1.32328.378
MinimumVisualStudioVersion = 10.0.40219.1
Project("{FAE04EC0-301F-11D3-BF4B-00C04F79EFBC}") = "TestDBForm", "TestDBForm\TestDBForm.csproj", "{A447F92E-E24D-4DA9-B6E9-628F0CF87586}"
EndProject
Global
	GlobalSection(SolutionConfigurationPlatforms) = preSolution
		Debug|Any CPU = Debug|Any CPU
		Release|Any CPU = Release|Any CPU
	EndGlobalSection
	GlobalSection(ProjectConfigurationPlatforms) = postSolution
		{A447F92E-E24D-4DA9-B6E9-628F0CF87586}.Debug|Any CPU.ActiveCfg = Debug|Any CPU
		{A447F92E-E24D-4DA9-B6E9-628F0CF87586}.Debug|Any CPU.Build.0 = Debug|Any CPU
		{A447F92E-E24D-4DA9-B6E9-628F0CF87586}.Release|Any CPU.ActiveCfg = Release|Any CPU
		{A447F92E-E24D-4DA9-B6E9-628F0CF87586}.Release|Any CPU.Build.0 = Release|Any CPU
	EndGlobalSection
	GlobalSection(SolutionProperties) = preSolution
		HideSolutionNode = FALSE
	EndGlobalSection
	GlobalSection(ExtensibilityGlobals) = postSolution
		SolutionGuid = {C9F22B76-0F11-46C2-A4FE-686044010100}
	EndGlobalSection
EndGlobal
